
Microsoft Visual Studio Solution File, Format Version 12.00
# Visual Studio Version 16
VisualStudioVersion = 16.0.29609.76
MinimumVisualStudioVersion = 10.0.40219.1
Project("{9A19103F-16F7-4668-BE54-9A1E7A4F7556}") = "SoluiNet.DevTools.UI", "SoluiNet.DevTools.UI\SoluiNet.DevTools.UI.csproj", "{F82C2F56-DCE9-4E4C-856C-1F94291186F4}"
EndProject
Project("{9A19103F-16F7-4668-BE54-9A1E7A4F7556}") = "SoluiNet.DevTools.Core", "SoluiNet.DevTools.Core\SoluiNet.DevTools.Core.csproj", "{DDC0B05A-0D22-4883-81C5-CF70A8BF3AF1}"
EndProject
Project("{9A19103F-16F7-4668-BE54-9A1E7A4F7556}") = "SoluiNet.DevTools.Utils.Crypto", "SoluiNet.DevTools.Utils.Crypto\SoluiNet.DevTools.Utils.Crypto.csproj", "{CC0BC4D1-0BFA-469F-87A7-677C6BC3E8DC}"
EndProject
Project("{9A19103F-16F7-4668-BE54-9A1E7A4F7556}") = "SoluiNet.DevTools.Utils.XmlTransformation", "SoluiNet.DevTools.Utils.XmlTransformation\SoluiNet.DevTools.Utils.XmlTransformation.csproj", "{3325B906-CC21-4AC9-A8E6-F18BE994B9F4}"
EndProject
Project("{9A19103F-16F7-4668-BE54-9A1E7A4F7556}") = "SoluiNet.DevTools.Utils.General", "SoluiNet.DevTools.Utils.General\SoluiNet.DevTools.Utils.General.csproj", "{E2E807B1-E623-424C-9622-A254B4190AC3}"
EndProject
Project("{9A19103F-16F7-4668-BE54-9A1E7A4F7556}") = "SoluiNet.DevTools.SqlPlugin.Example", "SoluiNet.DevTools.SqlPlugin.Example\SoluiNet.DevTools.SqlPlugin.Example.csproj", "{563009F9-789E-47D1-B8AB-AA10F1E1EB2A}"
EndProject
Project("{9A19103F-16F7-4668-BE54-9A1E7A4F7556}") = "SoluiNet.DevTools.Utils.VsDevEnv", "SoluiNet.DevTools.Utils.VsDevEnv\SoluiNet.DevTools.Utils.VsDevEnv.csproj", "{DCDCBB30-D2F2-4F98-B827-E034774EE102}"
EndProject
Project("{9A19103F-16F7-4668-BE54-9A1E7A4F7556}") = "SoluiNet.DevTools.Utils.File", "SoluiNet.DevTools.Utils.File\SoluiNet.DevTools.Utils.File.csproj", "{A8B29259-0602-42CA-8D8B-2FC2C93F0697}"
EndProject
Project("{9A19103F-16F7-4668-BE54-9A1E7A4F7556}") = "SoluiNet.DevTools.Utils.WebClient", "SoluiNet.DevTools.Utils.WebClient\SoluiNet.DevTools.Utils.WebClient.csproj", "{ED8C8373-25FC-4AC1-BDF3-35FB9C8E03B4}"
EndProject
Project("{9A19103F-16F7-4668-BE54-9A1E7A4F7556}") = "SoluiNet.DevTools.Editor.Default", "SoluiNet.DevTools.Editor.Default\SoluiNet.DevTools.Editor.Default.csproj", "{3F9CEFB0-9CB2-4DF9-940C-34D21CB5C91D}"
EndProject
Project("{9A19103F-16F7-4668-BE54-9A1E7A4F7556}") = "SoluiNet.DevTools.Transform.Uml", "SoluiNet.DevTools.Transform.Uml\SoluiNet.DevTools.Transform.Uml.csproj", "{FDEDA2F7-611B-4E77-9D84-1BB8802E27B5}"
EndProject
Project("{9A19103F-16F7-4668-BE54-9A1E7A4F7556}") = "SoluiNet.DevTools.Transform.ErDiagram", "SoluiNet.DevTools.Transform.ErDiagram\SoluiNet.DevTools.Transform.ErDiagram.csproj", "{A1191A59-437E-460F-9F75-B6E302FF20D4}"
EndProject
Project("{9A19103F-16F7-4668-BE54-9A1E7A4F7556}") = "SoluiNet.DevTools.Utils.Flyway", "SoluiNet.DevTools.Utils.Flyway\SoluiNet.DevTools.Utils.Flyway.csproj", "{0A454435-5658-473F-B3D6-1E7C971578AD}"
EndProject
Project("{9A19103F-16F7-4668-BE54-9A1E7A4F7556}") = "SoluiNet.DevTools.Utils.MachineLearning", "SoluiNet.DevTools.Utils.MachineLearning\SoluiNet.DevTools.Utils.MachineLearning.csproj", "{E2035872-C49E-494B-B331-0895B696E780}"
EndProject
Project("{9A19103F-16F7-4668-BE54-9A1E7A4F7556}") = "SoluiNet.DevTools.Utils.CodeOnTheFly", "SoluiNet.DevTools.Utils.CodeOnTheFly\SoluiNet.DevTools.Utils.CodeOnTheFly.csproj", "{776ABB02-B14F-48C6-B78E-11B66C020F1E}"
EndProject
Project("{9A19103F-16F7-4668-BE54-9A1E7A4F7556}") = "SoluiNet.DevTools.Utils.Git", "SoluiNet.DevTools.Utils.Git\SoluiNet.DevTools.Utils.Git.csproj", "{3EA59187-EBAB-46D5-9C28-D7CA7008C7B3}"
EndProject
Project("{9A19103F-16F7-4668-BE54-9A1E7A4F7556}") = "SoluiNet.DevTools.Utils.Tfs", "SoluiNet.DevTools.Utils.Tfs\SoluiNet.DevTools.Utils.Tfs.csproj", "{E231954E-F851-4C2C-A00F-A668D4C50182}"
EndProject
Project("{9A19103F-16F7-4668-BE54-9A1E7A4F7556}") = "SoluiNet.DevTools.Utils.Svn", "SoluiNet.DevTools.Utils.Svn\SoluiNet.DevTools.Utils.Svn.csproj", "{CCEC06C6-8052-4D80-9B5A-E77518BA60A6}"
EndProject
Project("{9A19103F-16F7-4668-BE54-9A1E7A4F7556}") = "SoluiNet.DevTools.Utils.TimeTracking", "SoluiNet.DevTools.Utils.TimeTracking\SoluiNet.DevTools.Utils.TimeTracking.csproj", "{0D4512DB-52FF-4477-808E-D857EFB3D219}"
EndProject
Project("{9A19103F-16F7-4668-BE54-9A1E7A4F7556}") = "SoluiNet.DevTools.DataExchange.Jira", "SoluiNet.DevTools.DataExchange.Jira\SoluiNet.DevTools.DataExchange.Jira.csproj", "{D67F9324-6710-4144-8BA0-B446CD4CB28A}"
EndProject
Project("{2150E333-8FDC-42A3-9474-1A3956D46DE8}") = "Plugins", "Plugins", "{413F19C3-2429-410A-A6D7-E75C7D1CE271}"
EndProject
Project("{2150E333-8FDC-42A3-9474-1A3956D46DE8}") = "Core", "Core", "{A8A6170C-6952-4985-8317-D765DB05FE47}"
EndProject
Project("{2150E333-8FDC-42A3-9474-1A3956D46DE8}") = "Editor", "Editor", "{3099940C-7759-4A62-8A49-9338C6ED799E}"
EndProject
Project("{2150E333-8FDC-42A3-9474-1A3956D46DE8}") = "DataExchange", "DataExchange", "{52A8E34F-1D7B-495E-A03B-6C909E574F26}"
EndProject
Project("{2150E333-8FDC-42A3-9474-1A3956D46DE8}") = "Transform", "Transform", "{14CD0D1C-E05A-440D-8146-EBFA69A6ACD0}"
EndProject
Project("{2150E333-8FDC-42A3-9474-1A3956D46DE8}") = "Utils", "Utils", "{8F059608-19DA-4E57-8792-C272CA5D3EA6}"
EndProject
Project("{2150E333-8FDC-42A3-9474-1A3956D46DE8}") = "UI", "UI", "{952F4E3A-A0F6-4BBC-9C76-B50EDF490743}"
EndProject
Project("{9A19103F-16F7-4668-BE54-9A1E7A4F7556}") = "SoluiNet.DevTools.UI.Sql", "SoluiNet.DevTools.UI.Sql\SoluiNet.DevTools.UI.Sql.csproj", "{B6D04A38-C980-4CEF-93F7-A8FB80F4EEAB}"
EndProject
Project("{9A19103F-16F7-4668-BE54-9A1E7A4F7556}") = "SoluiNet.DevTools.Utils.Office365.Exchange", "SoluiNet.DevTools.Utils.Office365.Exchange\SoluiNet.DevTools.Utils.Office365.Exchange.csproj", "{F9B19605-4A41-4ECD-961F-7A7DA5A201D6}"
EndProject
Project("{2150E333-8FDC-42A3-9474-1A3956D46DE8}") = "Install", "Install", "{F99C02DD-E20B-4564-85FE-C6DB5BCF57A6}"
EndProject
Project("{930C7802-8A8C-48F9-8165-68863BCCD9DD}") = "SoluiNet.DevTools.Install", "SoluiNet.DevTools.Install\SoluiNet.DevTools.Install.wixproj", "{040B16E4-BEC3-4429-920D-C0D206B1D6D9}"
EndProject
Project("{9A19103F-16F7-4668-BE54-9A1E7A4F7556}") = "SoluiNet.DevTools.Core.UI", "SoluiNet.DevTools.Core.UI\SoluiNet.DevTools.Core.UI.csproj", "{906B056F-5C3C-4673-B31A-8B02EBBF6680}"
EndProject
Project("{9A19103F-16F7-4668-BE54-9A1E7A4F7556}") = "SoluiNet.DevTools.Core.UI.WPF", "SoluiNet.DevTools.Core.UI.WPF\SoluiNet.DevTools.Core.UI.WPF.csproj", "{CB1DB5BC-9DD8-4050-919E-720B35DF882B}"
EndProject
Project("{9A19103F-16F7-4668-BE54-9A1E7A4F7556}") = "SoluiNet.DevTools.Core.Windows", "SoluiNet.DevTools.Core.Windows\SoluiNet.DevTools.Core.Windows.csproj", "{64B47EED-3674-47F1-80FE-969339A8D34C}"
EndProject
Project("{9A19103F-16F7-4668-BE54-9A1E7A4F7556}") = "SoluiNet.DevTools.Utils.ScanImage", "SoluiNet.DevTools.Utils.ScanImage\SoluiNet.DevTools.Utils.ScanImage.csproj", "{5B8B927E-0ACE-4AA1-9D0D-D1E7AB0A3AB3}"
EndProject
Project("{2150E333-8FDC-42A3-9474-1A3956D46DE8}") = "Tests", "Tests", "{E9023139-22F8-4C5D-AC58-37EFC1685961}"
EndProject
Project("{9A19103F-16F7-4668-BE54-9A1E7A4F7556}") = "SoluiNet.DevTools.UnitTest", "SoluiNet.DevTools.UnitTest\SoluiNet.DevTools.UnitTest.csproj", "{9F15199F-A333-4096-AD31-00C1D41D56B3}"
EndProject
Project("{9A19103F-16F7-4668-BE54-9A1E7A4F7556}") = "SoluiNet.DevTools.Web", "SoluiNet.DevTools.Web\SoluiNet.DevTools.Web.csproj", "{CED664BB-8DAA-44DE-8DB7-977DC0BA84D7}"
EndProject
Project("{9A19103F-16F7-4668-BE54-9A1E7A4F7556}") = "SoluiNet.DevTools.Core.Web", "SoluiNet.DevTools.Core.Web\SoluiNet.DevTools.Core.Web.csproj", "{A3D93824-3C6B-4A32-9615-6035B7D343F3}"
EndProject
Project("{9A19103F-16F7-4668-BE54-9A1E7A4F7556}") = "SoluiNet.DevTools.Utils.Certificate", "SoluiNet.DevTools.Utils.Certificate\SoluiNet.DevTools.Utils.Certificate.csproj", "{E70D4DBD-7320-4CC4-AF45-A19BCBAE97D4}"
EndProject
Project("{9A19103F-16F7-4668-BE54-9A1E7A4F7556}") = "SoluiNet.DevTools.Utils.Json", "SoluiNet.DevTools.Utils.Json\SoluiNet.DevTools.Utils.Json.csproj", "{03DCCDEE-AA8D-4429-9625-9A84D3D82C0B}"
EndProject
Project("{9A19103F-16F7-4668-BE54-9A1E7A4F7556}") = "SoluiNet.DevTools.Utils.Clipboard", "SoluiNet.DevTools.Utils.Clipboard\SoluiNet.DevTools.Utils.Clipboard.csproj", "{2D907EB3-679D-4DCC-B92E-C6F8909157B5}"
EndProject
Project("{9A19103F-16F7-4668-BE54-9A1E7A4F7556}") = "SoluiNet.DevTools.UI.SmartHome", "SoluiNet.DevTools.UI.SmartHome\SoluiNet.DevTools.UI.SmartHome.csproj", "{0673086C-9BD1-4F6C-A889-335CFC743A0E}"
EndProject
Project("{2150E333-8FDC-42A3-9474-1A3956D46DE8}") = "SmartHome", "SmartHome", "{04934FD3-99BD-42D3-B9B2-04BF3CC43B57}"
EndProject
Project("{FAE04EC0-301F-11D3-BF4B-00C04F79EFBC}") = "SoluiNet.DevTools.SmartHome.BuschJaeger.FreeAtHome", "SoluiNet.DevTools.SmartHome.BuschJaeger.FreeAtHome\SoluiNet.DevTools.SmartHome.BuschJaeger.FreeAtHome.csproj", "{E3F84E31-6907-4585-A08D-1527D32E0BCA}"
EndProject
Global
	GlobalSection(SolutionConfigurationPlatforms) = preSolution
		Debug|Any CPU = Debug|Any CPU
		Debug|x64 = Debug|x64
		Debug|x86 = Debug|x86
		Release|Any CPU = Release|Any CPU
		Release|x64 = Release|x64
		Release|x86 = Release|x86
	EndGlobalSection
	GlobalSection(ProjectConfigurationPlatforms) = postSolution
		{F82C2F56-DCE9-4E4C-856C-1F94291186F4}.Debug|Any CPU.ActiveCfg = Debug|Any CPU
		{F82C2F56-DCE9-4E4C-856C-1F94291186F4}.Debug|Any CPU.Build.0 = Debug|Any CPU
		{F82C2F56-DCE9-4E4C-856C-1F94291186F4}.Debug|x64.ActiveCfg = Debug|Any CPU
		{F82C2F56-DCE9-4E4C-856C-1F94291186F4}.Debug|x64.Build.0 = Debug|Any CPU
		{F82C2F56-DCE9-4E4C-856C-1F94291186F4}.Debug|x86.ActiveCfg = Debug|Any CPU
		{F82C2F56-DCE9-4E4C-856C-1F94291186F4}.Debug|x86.Build.0 = Debug|Any CPU
		{F82C2F56-DCE9-4E4C-856C-1F94291186F4}.Release|Any CPU.ActiveCfg = Release|Any CPU
		{F82C2F56-DCE9-4E4C-856C-1F94291186F4}.Release|Any CPU.Build.0 = Release|Any CPU
		{F82C2F56-DCE9-4E4C-856C-1F94291186F4}.Release|x64.ActiveCfg = Release|Any CPU
		{F82C2F56-DCE9-4E4C-856C-1F94291186F4}.Release|x64.Build.0 = Release|Any CPU
		{F82C2F56-DCE9-4E4C-856C-1F94291186F4}.Release|x86.ActiveCfg = Release|Any CPU
		{F82C2F56-DCE9-4E4C-856C-1F94291186F4}.Release|x86.Build.0 = Release|Any CPU
		{DDC0B05A-0D22-4883-81C5-CF70A8BF3AF1}.Debug|Any CPU.ActiveCfg = Debug|Any CPU
		{DDC0B05A-0D22-4883-81C5-CF70A8BF3AF1}.Debug|Any CPU.Build.0 = Debug|Any CPU
		{DDC0B05A-0D22-4883-81C5-CF70A8BF3AF1}.Debug|x64.ActiveCfg = Debug|Any CPU
		{DDC0B05A-0D22-4883-81C5-CF70A8BF3AF1}.Debug|x64.Build.0 = Debug|Any CPU
		{DDC0B05A-0D22-4883-81C5-CF70A8BF3AF1}.Debug|x86.ActiveCfg = Debug|Any CPU
		{DDC0B05A-0D22-4883-81C5-CF70A8BF3AF1}.Debug|x86.Build.0 = Debug|Any CPU
		{DDC0B05A-0D22-4883-81C5-CF70A8BF3AF1}.Release|Any CPU.ActiveCfg = Release|Any CPU
		{DDC0B05A-0D22-4883-81C5-CF70A8BF3AF1}.Release|Any CPU.Build.0 = Release|Any CPU
		{DDC0B05A-0D22-4883-81C5-CF70A8BF3AF1}.Release|x64.ActiveCfg = Release|Any CPU
		{DDC0B05A-0D22-4883-81C5-CF70A8BF3AF1}.Release|x64.Build.0 = Release|Any CPU
		{DDC0B05A-0D22-4883-81C5-CF70A8BF3AF1}.Release|x86.ActiveCfg = Release|Any CPU
		{DDC0B05A-0D22-4883-81C5-CF70A8BF3AF1}.Release|x86.Build.0 = Release|Any CPU
		{CC0BC4D1-0BFA-469F-87A7-677C6BC3E8DC}.Debug|Any CPU.ActiveCfg = Debug|Any CPU
		{CC0BC4D1-0BFA-469F-87A7-677C6BC3E8DC}.Debug|Any CPU.Build.0 = Debug|Any CPU
		{CC0BC4D1-0BFA-469F-87A7-677C6BC3E8DC}.Debug|x64.ActiveCfg = Debug|Any CPU
		{CC0BC4D1-0BFA-469F-87A7-677C6BC3E8DC}.Debug|x64.Build.0 = Debug|Any CPU
		{CC0BC4D1-0BFA-469F-87A7-677C6BC3E8DC}.Debug|x86.ActiveCfg = Debug|Any CPU
		{CC0BC4D1-0BFA-469F-87A7-677C6BC3E8DC}.Debug|x86.Build.0 = Debug|Any CPU
		{CC0BC4D1-0BFA-469F-87A7-677C6BC3E8DC}.Release|Any CPU.ActiveCfg = Release|Any CPU
		{CC0BC4D1-0BFA-469F-87A7-677C6BC3E8DC}.Release|Any CPU.Build.0 = Release|Any CPU
		{CC0BC4D1-0BFA-469F-87A7-677C6BC3E8DC}.Release|x64.ActiveCfg = Release|Any CPU
		{CC0BC4D1-0BFA-469F-87A7-677C6BC3E8DC}.Release|x64.Build.0 = Release|Any CPU
		{CC0BC4D1-0BFA-469F-87A7-677C6BC3E8DC}.Release|x86.ActiveCfg = Release|Any CPU
		{CC0BC4D1-0BFA-469F-87A7-677C6BC3E8DC}.Release|x86.Build.0 = Release|Any CPU
		{3325B906-CC21-4AC9-A8E6-F18BE994B9F4}.Debug|Any CPU.ActiveCfg = Debug|Any CPU
		{3325B906-CC21-4AC9-A8E6-F18BE994B9F4}.Debug|Any CPU.Build.0 = Debug|Any CPU
		{3325B906-CC21-4AC9-A8E6-F18BE994B9F4}.Debug|x64.ActiveCfg = Debug|Any CPU
		{3325B906-CC21-4AC9-A8E6-F18BE994B9F4}.Debug|x64.Build.0 = Debug|Any CPU
		{3325B906-CC21-4AC9-A8E6-F18BE994B9F4}.Debug|x86.ActiveCfg = Debug|Any CPU
		{3325B906-CC21-4AC9-A8E6-F18BE994B9F4}.Debug|x86.Build.0 = Debug|Any CPU
		{3325B906-CC21-4AC9-A8E6-F18BE994B9F4}.Release|Any CPU.ActiveCfg = Release|Any CPU
		{3325B906-CC21-4AC9-A8E6-F18BE994B9F4}.Release|Any CPU.Build.0 = Release|Any CPU
		{3325B906-CC21-4AC9-A8E6-F18BE994B9F4}.Release|x64.ActiveCfg = Release|Any CPU
		{3325B906-CC21-4AC9-A8E6-F18BE994B9F4}.Release|x64.Build.0 = Release|Any CPU
		{3325B906-CC21-4AC9-A8E6-F18BE994B9F4}.Release|x86.ActiveCfg = Release|Any CPU
		{3325B906-CC21-4AC9-A8E6-F18BE994B9F4}.Release|x86.Build.0 = Release|Any CPU
		{E2E807B1-E623-424C-9622-A254B4190AC3}.Debug|Any CPU.ActiveCfg = Debug|Any CPU
		{E2E807B1-E623-424C-9622-A254B4190AC3}.Debug|Any CPU.Build.0 = Debug|Any CPU
		{E2E807B1-E623-424C-9622-A254B4190AC3}.Debug|x64.ActiveCfg = Debug|Any CPU
		{E2E807B1-E623-424C-9622-A254B4190AC3}.Debug|x64.Build.0 = Debug|Any CPU
		{E2E807B1-E623-424C-9622-A254B4190AC3}.Debug|x86.ActiveCfg = Debug|Any CPU
		{E2E807B1-E623-424C-9622-A254B4190AC3}.Debug|x86.Build.0 = Debug|Any CPU
		{E2E807B1-E623-424C-9622-A254B4190AC3}.Release|Any CPU.ActiveCfg = Release|Any CPU
		{E2E807B1-E623-424C-9622-A254B4190AC3}.Release|Any CPU.Build.0 = Release|Any CPU
		{E2E807B1-E623-424C-9622-A254B4190AC3}.Release|x64.ActiveCfg = Release|Any CPU
		{E2E807B1-E623-424C-9622-A254B4190AC3}.Release|x64.Build.0 = Release|Any CPU
		{E2E807B1-E623-424C-9622-A254B4190AC3}.Release|x86.ActiveCfg = Release|Any CPU
		{E2E807B1-E623-424C-9622-A254B4190AC3}.Release|x86.Build.0 = Release|Any CPU
		{563009F9-789E-47D1-B8AB-AA10F1E1EB2A}.Debug|Any CPU.ActiveCfg = Debug|Any CPU
		{563009F9-789E-47D1-B8AB-AA10F1E1EB2A}.Debug|Any CPU.Build.0 = Debug|Any CPU
		{563009F9-789E-47D1-B8AB-AA10F1E1EB2A}.Debug|x64.ActiveCfg = Debug|Any CPU
		{563009F9-789E-47D1-B8AB-AA10F1E1EB2A}.Debug|x64.Build.0 = Debug|Any CPU
		{563009F9-789E-47D1-B8AB-AA10F1E1EB2A}.Debug|x86.ActiveCfg = Debug|Any CPU
		{563009F9-789E-47D1-B8AB-AA10F1E1EB2A}.Debug|x86.Build.0 = Debug|Any CPU
		{563009F9-789E-47D1-B8AB-AA10F1E1EB2A}.Release|Any CPU.ActiveCfg = Release|Any CPU
		{563009F9-789E-47D1-B8AB-AA10F1E1EB2A}.Release|Any CPU.Build.0 = Release|Any CPU
		{563009F9-789E-47D1-B8AB-AA10F1E1EB2A}.Release|x64.ActiveCfg = Release|Any CPU
		{563009F9-789E-47D1-B8AB-AA10F1E1EB2A}.Release|x64.Build.0 = Release|Any CPU
		{563009F9-789E-47D1-B8AB-AA10F1E1EB2A}.Release|x86.ActiveCfg = Release|Any CPU
		{563009F9-789E-47D1-B8AB-AA10F1E1EB2A}.Release|x86.Build.0 = Release|Any CPU
		{DCDCBB30-D2F2-4F98-B827-E034774EE102}.Debug|Any CPU.ActiveCfg = Debug|Any CPU
		{DCDCBB30-D2F2-4F98-B827-E034774EE102}.Debug|Any CPU.Build.0 = Debug|Any CPU
		{DCDCBB30-D2F2-4F98-B827-E034774EE102}.Debug|x64.ActiveCfg = Debug|Any CPU
		{DCDCBB30-D2F2-4F98-B827-E034774EE102}.Debug|x64.Build.0 = Debug|Any CPU
		{DCDCBB30-D2F2-4F98-B827-E034774EE102}.Debug|x86.ActiveCfg = Debug|Any CPU
		{DCDCBB30-D2F2-4F98-B827-E034774EE102}.Debug|x86.Build.0 = Debug|Any CPU
		{DCDCBB30-D2F2-4F98-B827-E034774EE102}.Release|Any CPU.ActiveCfg = Release|Any CPU
		{DCDCBB30-D2F2-4F98-B827-E034774EE102}.Release|Any CPU.Build.0 = Release|Any CPU
		{DCDCBB30-D2F2-4F98-B827-E034774EE102}.Release|x64.ActiveCfg = Release|Any CPU
		{DCDCBB30-D2F2-4F98-B827-E034774EE102}.Release|x64.Build.0 = Release|Any CPU
		{DCDCBB30-D2F2-4F98-B827-E034774EE102}.Release|x86.ActiveCfg = Release|Any CPU
		{DCDCBB30-D2F2-4F98-B827-E034774EE102}.Release|x86.Build.0 = Release|Any CPU
		{A8B29259-0602-42CA-8D8B-2FC2C93F0697}.Debug|Any CPU.ActiveCfg = Debug|Any CPU
		{A8B29259-0602-42CA-8D8B-2FC2C93F0697}.Debug|Any CPU.Build.0 = Debug|Any CPU
		{A8B29259-0602-42CA-8D8B-2FC2C93F0697}.Debug|x64.ActiveCfg = Debug|Any CPU
		{A8B29259-0602-42CA-8D8B-2FC2C93F0697}.Debug|x64.Build.0 = Debug|Any CPU
		{A8B29259-0602-42CA-8D8B-2FC2C93F0697}.Debug|x86.ActiveCfg = Debug|Any CPU
		{A8B29259-0602-42CA-8D8B-2FC2C93F0697}.Debug|x86.Build.0 = Debug|Any CPU
		{A8B29259-0602-42CA-8D8B-2FC2C93F0697}.Release|Any CPU.ActiveCfg = Release|Any CPU
		{A8B29259-0602-42CA-8D8B-2FC2C93F0697}.Release|Any CPU.Build.0 = Release|Any CPU
		{A8B29259-0602-42CA-8D8B-2FC2C93F0697}.Release|x64.ActiveCfg = Release|Any CPU
		{A8B29259-0602-42CA-8D8B-2FC2C93F0697}.Release|x64.Build.0 = Release|Any CPU
		{A8B29259-0602-42CA-8D8B-2FC2C93F0697}.Release|x86.ActiveCfg = Release|Any CPU
		{A8B29259-0602-42CA-8D8B-2FC2C93F0697}.Release|x86.Build.0 = Release|Any CPU
		{ED8C8373-25FC-4AC1-BDF3-35FB9C8E03B4}.Debug|Any CPU.ActiveCfg = Debug|Any CPU
		{ED8C8373-25FC-4AC1-BDF3-35FB9C8E03B4}.Debug|Any CPU.Build.0 = Debug|Any CPU
		{ED8C8373-25FC-4AC1-BDF3-35FB9C8E03B4}.Debug|x64.ActiveCfg = Debug|Any CPU
		{ED8C8373-25FC-4AC1-BDF3-35FB9C8E03B4}.Debug|x64.Build.0 = Debug|Any CPU
		{ED8C8373-25FC-4AC1-BDF3-35FB9C8E03B4}.Debug|x86.ActiveCfg = Debug|Any CPU
		{ED8C8373-25FC-4AC1-BDF3-35FB9C8E03B4}.Debug|x86.Build.0 = Debug|Any CPU
		{ED8C8373-25FC-4AC1-BDF3-35FB9C8E03B4}.Release|Any CPU.ActiveCfg = Release|Any CPU
		{ED8C8373-25FC-4AC1-BDF3-35FB9C8E03B4}.Release|Any CPU.Build.0 = Release|Any CPU
		{ED8C8373-25FC-4AC1-BDF3-35FB9C8E03B4}.Release|x64.ActiveCfg = Release|Any CPU
		{ED8C8373-25FC-4AC1-BDF3-35FB9C8E03B4}.Release|x64.Build.0 = Release|Any CPU
		{ED8C8373-25FC-4AC1-BDF3-35FB9C8E03B4}.Release|x86.ActiveCfg = Release|Any CPU
		{ED8C8373-25FC-4AC1-BDF3-35FB9C8E03B4}.Release|x86.Build.0 = Release|Any CPU
		{3F9CEFB0-9CB2-4DF9-940C-34D21CB5C91D}.Debug|Any CPU.ActiveCfg = Debug|Any CPU
		{3F9CEFB0-9CB2-4DF9-940C-34D21CB5C91D}.Debug|Any CPU.Build.0 = Debug|Any CPU
		{3F9CEFB0-9CB2-4DF9-940C-34D21CB5C91D}.Debug|x64.ActiveCfg = Debug|Any CPU
		{3F9CEFB0-9CB2-4DF9-940C-34D21CB5C91D}.Debug|x64.Build.0 = Debug|Any CPU
		{3F9CEFB0-9CB2-4DF9-940C-34D21CB5C91D}.Debug|x86.ActiveCfg = Debug|Any CPU
		{3F9CEFB0-9CB2-4DF9-940C-34D21CB5C91D}.Debug|x86.Build.0 = Debug|Any CPU
		{3F9CEFB0-9CB2-4DF9-940C-34D21CB5C91D}.Release|Any CPU.ActiveCfg = Release|Any CPU
		{3F9CEFB0-9CB2-4DF9-940C-34D21CB5C91D}.Release|Any CPU.Build.0 = Release|Any CPU
		{3F9CEFB0-9CB2-4DF9-940C-34D21CB5C91D}.Release|x64.ActiveCfg = Release|Any CPU
		{3F9CEFB0-9CB2-4DF9-940C-34D21CB5C91D}.Release|x64.Build.0 = Release|Any CPU
		{3F9CEFB0-9CB2-4DF9-940C-34D21CB5C91D}.Release|x86.ActiveCfg = Release|Any CPU
		{3F9CEFB0-9CB2-4DF9-940C-34D21CB5C91D}.Release|x86.Build.0 = Release|Any CPU
		{FDEDA2F7-611B-4E77-9D84-1BB8802E27B5}.Debug|Any CPU.ActiveCfg = Debug|Any CPU
		{FDEDA2F7-611B-4E77-9D84-1BB8802E27B5}.Debug|Any CPU.Build.0 = Debug|Any CPU
		{FDEDA2F7-611B-4E77-9D84-1BB8802E27B5}.Debug|x64.ActiveCfg = Debug|Any CPU
		{FDEDA2F7-611B-4E77-9D84-1BB8802E27B5}.Debug|x64.Build.0 = Debug|Any CPU
		{FDEDA2F7-611B-4E77-9D84-1BB8802E27B5}.Debug|x86.ActiveCfg = Debug|Any CPU
		{FDEDA2F7-611B-4E77-9D84-1BB8802E27B5}.Debug|x86.Build.0 = Debug|Any CPU
		{FDEDA2F7-611B-4E77-9D84-1BB8802E27B5}.Release|Any CPU.ActiveCfg = Release|Any CPU
		{FDEDA2F7-611B-4E77-9D84-1BB8802E27B5}.Release|Any CPU.Build.0 = Release|Any CPU
		{FDEDA2F7-611B-4E77-9D84-1BB8802E27B5}.Release|x64.ActiveCfg = Release|Any CPU
		{FDEDA2F7-611B-4E77-9D84-1BB8802E27B5}.Release|x64.Build.0 = Release|Any CPU
		{FDEDA2F7-611B-4E77-9D84-1BB8802E27B5}.Release|x86.ActiveCfg = Release|Any CPU
		{FDEDA2F7-611B-4E77-9D84-1BB8802E27B5}.Release|x86.Build.0 = Release|Any CPU
		{A1191A59-437E-460F-9F75-B6E302FF20D4}.Debug|Any CPU.ActiveCfg = Debug|Any CPU
		{A1191A59-437E-460F-9F75-B6E302FF20D4}.Debug|Any CPU.Build.0 = Debug|Any CPU
		{A1191A59-437E-460F-9F75-B6E302FF20D4}.Debug|x64.ActiveCfg = Debug|Any CPU
		{A1191A59-437E-460F-9F75-B6E302FF20D4}.Debug|x64.Build.0 = Debug|Any CPU
		{A1191A59-437E-460F-9F75-B6E302FF20D4}.Debug|x86.ActiveCfg = Debug|Any CPU
		{A1191A59-437E-460F-9F75-B6E302FF20D4}.Debug|x86.Build.0 = Debug|Any CPU
		{A1191A59-437E-460F-9F75-B6E302FF20D4}.Release|Any CPU.ActiveCfg = Release|Any CPU
		{A1191A59-437E-460F-9F75-B6E302FF20D4}.Release|Any CPU.Build.0 = Release|Any CPU
		{A1191A59-437E-460F-9F75-B6E302FF20D4}.Release|x64.ActiveCfg = Release|Any CPU
		{A1191A59-437E-460F-9F75-B6E302FF20D4}.Release|x64.Build.0 = Release|Any CPU
		{A1191A59-437E-460F-9F75-B6E302FF20D4}.Release|x86.ActiveCfg = Release|Any CPU
		{A1191A59-437E-460F-9F75-B6E302FF20D4}.Release|x86.Build.0 = Release|Any CPU
		{0A454435-5658-473F-B3D6-1E7C971578AD}.Debug|Any CPU.ActiveCfg = Debug|Any CPU
		{0A454435-5658-473F-B3D6-1E7C971578AD}.Debug|Any CPU.Build.0 = Debug|Any CPU
		{0A454435-5658-473F-B3D6-1E7C971578AD}.Debug|x64.ActiveCfg = Debug|Any CPU
		{0A454435-5658-473F-B3D6-1E7C971578AD}.Debug|x64.Build.0 = Debug|Any CPU
		{0A454435-5658-473F-B3D6-1E7C971578AD}.Debug|x86.ActiveCfg = Debug|Any CPU
		{0A454435-5658-473F-B3D6-1E7C971578AD}.Debug|x86.Build.0 = Debug|Any CPU
		{0A454435-5658-473F-B3D6-1E7C971578AD}.Release|Any CPU.ActiveCfg = Release|Any CPU
		{0A454435-5658-473F-B3D6-1E7C971578AD}.Release|Any CPU.Build.0 = Release|Any CPU
		{0A454435-5658-473F-B3D6-1E7C971578AD}.Release|x64.ActiveCfg = Release|Any CPU
		{0A454435-5658-473F-B3D6-1E7C971578AD}.Release|x64.Build.0 = Release|Any CPU
		{0A454435-5658-473F-B3D6-1E7C971578AD}.Release|x86.ActiveCfg = Release|Any CPU
		{0A454435-5658-473F-B3D6-1E7C971578AD}.Release|x86.Build.0 = Release|Any CPU
		{E2035872-C49E-494B-B331-0895B696E780}.Debug|Any CPU.ActiveCfg = Debug|Any CPU
		{E2035872-C49E-494B-B331-0895B696E780}.Debug|Any CPU.Build.0 = Debug|Any CPU
		{E2035872-C49E-494B-B331-0895B696E780}.Debug|x64.ActiveCfg = Debug|Any CPU
		{E2035872-C49E-494B-B331-0895B696E780}.Debug|x64.Build.0 = Debug|Any CPU
		{E2035872-C49E-494B-B331-0895B696E780}.Debug|x86.ActiveCfg = Debug|Any CPU
		{E2035872-C49E-494B-B331-0895B696E780}.Debug|x86.Build.0 = Debug|Any CPU
		{E2035872-C49E-494B-B331-0895B696E780}.Release|Any CPU.ActiveCfg = Release|Any CPU
		{E2035872-C49E-494B-B331-0895B696E780}.Release|Any CPU.Build.0 = Release|Any CPU
		{E2035872-C49E-494B-B331-0895B696E780}.Release|x64.ActiveCfg = Release|Any CPU
		{E2035872-C49E-494B-B331-0895B696E780}.Release|x64.Build.0 = Release|Any CPU
		{E2035872-C49E-494B-B331-0895B696E780}.Release|x86.ActiveCfg = Release|Any CPU
		{E2035872-C49E-494B-B331-0895B696E780}.Release|x86.Build.0 = Release|Any CPU
		{776ABB02-B14F-48C6-B78E-11B66C020F1E}.Debug|Any CPU.ActiveCfg = Debug|Any CPU
		{776ABB02-B14F-48C6-B78E-11B66C020F1E}.Debug|Any CPU.Build.0 = Debug|Any CPU
		{776ABB02-B14F-48C6-B78E-11B66C020F1E}.Debug|x64.ActiveCfg = Debug|Any CPU
		{776ABB02-B14F-48C6-B78E-11B66C020F1E}.Debug|x64.Build.0 = Debug|Any CPU
		{776ABB02-B14F-48C6-B78E-11B66C020F1E}.Debug|x86.ActiveCfg = Debug|Any CPU
		{776ABB02-B14F-48C6-B78E-11B66C020F1E}.Debug|x86.Build.0 = Debug|Any CPU
		{776ABB02-B14F-48C6-B78E-11B66C020F1E}.Release|Any CPU.ActiveCfg = Release|Any CPU
		{776ABB02-B14F-48C6-B78E-11B66C020F1E}.Release|Any CPU.Build.0 = Release|Any CPU
		{776ABB02-B14F-48C6-B78E-11B66C020F1E}.Release|x64.ActiveCfg = Release|Any CPU
		{776ABB02-B14F-48C6-B78E-11B66C020F1E}.Release|x64.Build.0 = Release|Any CPU
		{776ABB02-B14F-48C6-B78E-11B66C020F1E}.Release|x86.ActiveCfg = Release|Any CPU
		{776ABB02-B14F-48C6-B78E-11B66C020F1E}.Release|x86.Build.0 = Release|Any CPU
		{3EA59187-EBAB-46D5-9C28-D7CA7008C7B3}.Debug|Any CPU.ActiveCfg = Debug|Any CPU
		{3EA59187-EBAB-46D5-9C28-D7CA7008C7B3}.Debug|Any CPU.Build.0 = Debug|Any CPU
		{3EA59187-EBAB-46D5-9C28-D7CA7008C7B3}.Debug|x64.ActiveCfg = Debug|Any CPU
		{3EA59187-EBAB-46D5-9C28-D7CA7008C7B3}.Debug|x64.Build.0 = Debug|Any CPU
		{3EA59187-EBAB-46D5-9C28-D7CA7008C7B3}.Debug|x86.ActiveCfg = Debug|Any CPU
		{3EA59187-EBAB-46D5-9C28-D7CA7008C7B3}.Debug|x86.Build.0 = Debug|Any CPU
		{3EA59187-EBAB-46D5-9C28-D7CA7008C7B3}.Release|Any CPU.ActiveCfg = Release|Any CPU
		{3EA59187-EBAB-46D5-9C28-D7CA7008C7B3}.Release|Any CPU.Build.0 = Release|Any CPU
		{3EA59187-EBAB-46D5-9C28-D7CA7008C7B3}.Release|x64.ActiveCfg = Release|Any CPU
		{3EA59187-EBAB-46D5-9C28-D7CA7008C7B3}.Release|x64.Build.0 = Release|Any CPU
		{3EA59187-EBAB-46D5-9C28-D7CA7008C7B3}.Release|x86.ActiveCfg = Release|Any CPU
		{3EA59187-EBAB-46D5-9C28-D7CA7008C7B3}.Release|x86.Build.0 = Release|Any CPU
		{E231954E-F851-4C2C-A00F-A668D4C50182}.Debug|Any CPU.ActiveCfg = Debug|Any CPU
		{E231954E-F851-4C2C-A00F-A668D4C50182}.Debug|Any CPU.Build.0 = Debug|Any CPU
		{E231954E-F851-4C2C-A00F-A668D4C50182}.Debug|x64.ActiveCfg = Debug|Any CPU
		{E231954E-F851-4C2C-A00F-A668D4C50182}.Debug|x64.Build.0 = Debug|Any CPU
		{E231954E-F851-4C2C-A00F-A668D4C50182}.Debug|x86.ActiveCfg = Debug|Any CPU
		{E231954E-F851-4C2C-A00F-A668D4C50182}.Debug|x86.Build.0 = Debug|Any CPU
		{E231954E-F851-4C2C-A00F-A668D4C50182}.Release|Any CPU.ActiveCfg = Release|Any CPU
		{E231954E-F851-4C2C-A00F-A668D4C50182}.Release|Any CPU.Build.0 = Release|Any CPU
		{E231954E-F851-4C2C-A00F-A668D4C50182}.Release|x64.ActiveCfg = Release|Any CPU
		{E231954E-F851-4C2C-A00F-A668D4C50182}.Release|x64.Build.0 = Release|Any CPU
		{E231954E-F851-4C2C-A00F-A668D4C50182}.Release|x86.ActiveCfg = Release|Any CPU
		{E231954E-F851-4C2C-A00F-A668D4C50182}.Release|x86.Build.0 = Release|Any CPU
		{CCEC06C6-8052-4D80-9B5A-E77518BA60A6}.Debug|Any CPU.ActiveCfg = Debug|Any CPU
		{CCEC06C6-8052-4D80-9B5A-E77518BA60A6}.Debug|Any CPU.Build.0 = Debug|Any CPU
		{CCEC06C6-8052-4D80-9B5A-E77518BA60A6}.Debug|x64.ActiveCfg = Debug|Any CPU
		{CCEC06C6-8052-4D80-9B5A-E77518BA60A6}.Debug|x64.Build.0 = Debug|Any CPU
		{CCEC06C6-8052-4D80-9B5A-E77518BA60A6}.Debug|x86.ActiveCfg = Debug|Any CPU
		{CCEC06C6-8052-4D80-9B5A-E77518BA60A6}.Debug|x86.Build.0 = Debug|Any CPU
		{CCEC06C6-8052-4D80-9B5A-E77518BA60A6}.Release|Any CPU.ActiveCfg = Release|Any CPU
		{CCEC06C6-8052-4D80-9B5A-E77518BA60A6}.Release|Any CPU.Build.0 = Release|Any CPU
		{CCEC06C6-8052-4D80-9B5A-E77518BA60A6}.Release|x64.ActiveCfg = Release|Any CPU
		{CCEC06C6-8052-4D80-9B5A-E77518BA60A6}.Release|x64.Build.0 = Release|Any CPU
		{CCEC06C6-8052-4D80-9B5A-E77518BA60A6}.Release|x86.ActiveCfg = Release|Any CPU
		{CCEC06C6-8052-4D80-9B5A-E77518BA60A6}.Release|x86.Build.0 = Release|Any CPU
		{0D4512DB-52FF-4477-808E-D857EFB3D219}.Debug|Any CPU.ActiveCfg = Debug|Any CPU
		{0D4512DB-52FF-4477-808E-D857EFB3D219}.Debug|Any CPU.Build.0 = Debug|Any CPU
		{0D4512DB-52FF-4477-808E-D857EFB3D219}.Debug|x64.ActiveCfg = Debug|Any CPU
		{0D4512DB-52FF-4477-808E-D857EFB3D219}.Debug|x64.Build.0 = Debug|Any CPU
		{0D4512DB-52FF-4477-808E-D857EFB3D219}.Debug|x86.ActiveCfg = Debug|Any CPU
		{0D4512DB-52FF-4477-808E-D857EFB3D219}.Debug|x86.Build.0 = Debug|Any CPU
		{0D4512DB-52FF-4477-808E-D857EFB3D219}.Release|Any CPU.ActiveCfg = Release|Any CPU
		{0D4512DB-52FF-4477-808E-D857EFB3D219}.Release|Any CPU.Build.0 = Release|Any CPU
		{0D4512DB-52FF-4477-808E-D857EFB3D219}.Release|x64.ActiveCfg = Release|Any CPU
		{0D4512DB-52FF-4477-808E-D857EFB3D219}.Release|x64.Build.0 = Release|Any CPU
		{0D4512DB-52FF-4477-808E-D857EFB3D219}.Release|x86.ActiveCfg = Release|Any CPU
		{0D4512DB-52FF-4477-808E-D857EFB3D219}.Release|x86.Build.0 = Release|Any CPU
		{D67F9324-6710-4144-8BA0-B446CD4CB28A}.Debug|Any CPU.ActiveCfg = Debug|Any CPU
		{D67F9324-6710-4144-8BA0-B446CD4CB28A}.Debug|Any CPU.Build.0 = Debug|Any CPU
		{D67F9324-6710-4144-8BA0-B446CD4CB28A}.Debug|x64.ActiveCfg = Debug|Any CPU
		{D67F9324-6710-4144-8BA0-B446CD4CB28A}.Debug|x64.Build.0 = Debug|Any CPU
		{D67F9324-6710-4144-8BA0-B446CD4CB28A}.Debug|x86.ActiveCfg = Debug|Any CPU
		{D67F9324-6710-4144-8BA0-B446CD4CB28A}.Debug|x86.Build.0 = Debug|Any CPU
		{D67F9324-6710-4144-8BA0-B446CD4CB28A}.Release|Any CPU.ActiveCfg = Release|Any CPU
		{D67F9324-6710-4144-8BA0-B446CD4CB28A}.Release|Any CPU.Build.0 = Release|Any CPU
		{D67F9324-6710-4144-8BA0-B446CD4CB28A}.Release|x64.ActiveCfg = Release|Any CPU
		{D67F9324-6710-4144-8BA0-B446CD4CB28A}.Release|x64.Build.0 = Release|Any CPU
		{D67F9324-6710-4144-8BA0-B446CD4CB28A}.Release|x86.ActiveCfg = Release|Any CPU
		{D67F9324-6710-4144-8BA0-B446CD4CB28A}.Release|x86.Build.0 = Release|Any CPU
		{B6D04A38-C980-4CEF-93F7-A8FB80F4EEAB}.Debug|Any CPU.ActiveCfg = Debug|Any CPU
		{B6D04A38-C980-4CEF-93F7-A8FB80F4EEAB}.Debug|Any CPU.Build.0 = Debug|Any CPU
		{B6D04A38-C980-4CEF-93F7-A8FB80F4EEAB}.Debug|x64.ActiveCfg = Debug|Any CPU
		{B6D04A38-C980-4CEF-93F7-A8FB80F4EEAB}.Debug|x64.Build.0 = Debug|Any CPU
		{B6D04A38-C980-4CEF-93F7-A8FB80F4EEAB}.Debug|x86.ActiveCfg = Debug|Any CPU
		{B6D04A38-C980-4CEF-93F7-A8FB80F4EEAB}.Debug|x86.Build.0 = Debug|Any CPU
		{B6D04A38-C980-4CEF-93F7-A8FB80F4EEAB}.Release|Any CPU.ActiveCfg = Release|Any CPU
		{B6D04A38-C980-4CEF-93F7-A8FB80F4EEAB}.Release|Any CPU.Build.0 = Release|Any CPU
		{B6D04A38-C980-4CEF-93F7-A8FB80F4EEAB}.Release|x64.ActiveCfg = Release|Any CPU
		{B6D04A38-C980-4CEF-93F7-A8FB80F4EEAB}.Release|x64.Build.0 = Release|Any CPU
		{B6D04A38-C980-4CEF-93F7-A8FB80F4EEAB}.Release|x86.ActiveCfg = Release|Any CPU
		{B6D04A38-C980-4CEF-93F7-A8FB80F4EEAB}.Release|x86.Build.0 = Release|Any CPU
		{F9B19605-4A41-4ECD-961F-7A7DA5A201D6}.Debug|Any CPU.ActiveCfg = Debug|Any CPU
		{F9B19605-4A41-4ECD-961F-7A7DA5A201D6}.Debug|Any CPU.Build.0 = Debug|Any CPU
		{F9B19605-4A41-4ECD-961F-7A7DA5A201D6}.Debug|x64.ActiveCfg = Debug|Any CPU
		{F9B19605-4A41-4ECD-961F-7A7DA5A201D6}.Debug|x64.Build.0 = Debug|Any CPU
		{F9B19605-4A41-4ECD-961F-7A7DA5A201D6}.Debug|x86.ActiveCfg = Debug|Any CPU
		{F9B19605-4A41-4ECD-961F-7A7DA5A201D6}.Release|Any CPU.ActiveCfg = Release|Any CPU
		{F9B19605-4A41-4ECD-961F-7A7DA5A201D6}.Release|Any CPU.Build.0 = Release|Any CPU
		{F9B19605-4A41-4ECD-961F-7A7DA5A201D6}.Release|x64.ActiveCfg = Release|Any CPU
		{F9B19605-4A41-4ECD-961F-7A7DA5A201D6}.Release|x64.Build.0 = Release|Any CPU
		{F9B19605-4A41-4ECD-961F-7A7DA5A201D6}.Release|x86.ActiveCfg = Release|Any CPU
		{040B16E4-BEC3-4429-920D-C0D206B1D6D9}.Debug|Any CPU.ActiveCfg = Debug|x86
		{040B16E4-BEC3-4429-920D-C0D206B1D6D9}.Debug|x64.ActiveCfg = Debug|x86
		{040B16E4-BEC3-4429-920D-C0D206B1D6D9}.Debug|x86.ActiveCfg = Debug|x86
		{040B16E4-BEC3-4429-920D-C0D206B1D6D9}.Debug|x86.Build.0 = Debug|x86
		{040B16E4-BEC3-4429-920D-C0D206B1D6D9}.Release|Any CPU.ActiveCfg = Release|x86
		{040B16E4-BEC3-4429-920D-C0D206B1D6D9}.Release|x64.ActiveCfg = Release|x86
		{040B16E4-BEC3-4429-920D-C0D206B1D6D9}.Release|x86.ActiveCfg = Release|x86
		{040B16E4-BEC3-4429-920D-C0D206B1D6D9}.Release|x86.Build.0 = Release|x86
		{906B056F-5C3C-4673-B31A-8B02EBBF6680}.Debug|Any CPU.ActiveCfg = Debug|Any CPU
		{906B056F-5C3C-4673-B31A-8B02EBBF6680}.Debug|Any CPU.Build.0 = Debug|Any CPU
		{906B056F-5C3C-4673-B31A-8B02EBBF6680}.Debug|x64.ActiveCfg = Debug|Any CPU
		{906B056F-5C3C-4673-B31A-8B02EBBF6680}.Debug|x64.Build.0 = Debug|Any CPU
		{906B056F-5C3C-4673-B31A-8B02EBBF6680}.Debug|x86.ActiveCfg = Debug|Any CPU
		{906B056F-5C3C-4673-B31A-8B02EBBF6680}.Debug|x86.Build.0 = Debug|Any CPU
		{906B056F-5C3C-4673-B31A-8B02EBBF6680}.Release|Any CPU.ActiveCfg = Release|Any CPU
		{906B056F-5C3C-4673-B31A-8B02EBBF6680}.Release|Any CPU.Build.0 = Release|Any CPU
		{906B056F-5C3C-4673-B31A-8B02EBBF6680}.Release|x64.ActiveCfg = Release|Any CPU
		{906B056F-5C3C-4673-B31A-8B02EBBF6680}.Release|x64.Build.0 = Release|Any CPU
		{906B056F-5C3C-4673-B31A-8B02EBBF6680}.Release|x86.ActiveCfg = Release|Any CPU
		{906B056F-5C3C-4673-B31A-8B02EBBF6680}.Release|x86.Build.0 = Release|Any CPU
		{CB1DB5BC-9DD8-4050-919E-720B35DF882B}.Debug|Any CPU.ActiveCfg = Debug|Any CPU
		{CB1DB5BC-9DD8-4050-919E-720B35DF882B}.Debug|Any CPU.Build.0 = Debug|Any CPU
		{CB1DB5BC-9DD8-4050-919E-720B35DF882B}.Debug|x64.ActiveCfg = Debug|Any CPU
		{CB1DB5BC-9DD8-4050-919E-720B35DF882B}.Debug|x64.Build.0 = Debug|Any CPU
		{CB1DB5BC-9DD8-4050-919E-720B35DF882B}.Debug|x86.ActiveCfg = Debug|Any CPU
		{CB1DB5BC-9DD8-4050-919E-720B35DF882B}.Debug|x86.Build.0 = Debug|Any CPU
		{CB1DB5BC-9DD8-4050-919E-720B35DF882B}.Release|Any CPU.ActiveCfg = Release|Any CPU
		{CB1DB5BC-9DD8-4050-919E-720B35DF882B}.Release|Any CPU.Build.0 = Release|Any CPU
		{CB1DB5BC-9DD8-4050-919E-720B35DF882B}.Release|x64.ActiveCfg = Release|Any CPU
		{CB1DB5BC-9DD8-4050-919E-720B35DF882B}.Release|x64.Build.0 = Release|Any CPU
		{CB1DB5BC-9DD8-4050-919E-720B35DF882B}.Release|x86.ActiveCfg = Release|Any CPU
		{CB1DB5BC-9DD8-4050-919E-720B35DF882B}.Release|x86.Build.0 = Release|Any CPU
		{64B47EED-3674-47F1-80FE-969339A8D34C}.Debug|Any CPU.ActiveCfg = Debug|Any CPU
		{64B47EED-3674-47F1-80FE-969339A8D34C}.Debug|Any CPU.Build.0 = Debug|Any CPU
		{64B47EED-3674-47F1-80FE-969339A8D34C}.Debug|x64.ActiveCfg = Debug|Any CPU
		{64B47EED-3674-47F1-80FE-969339A8D34C}.Debug|x64.Build.0 = Debug|Any CPU
		{64B47EED-3674-47F1-80FE-969339A8D34C}.Debug|x86.ActiveCfg = Debug|Any CPU
		{64B47EED-3674-47F1-80FE-969339A8D34C}.Debug|x86.Build.0 = Debug|Any CPU
		{64B47EED-3674-47F1-80FE-969339A8D34C}.Release|Any CPU.ActiveCfg = Release|Any CPU
		{64B47EED-3674-47F1-80FE-969339A8D34C}.Release|Any CPU.Build.0 = Release|Any CPU
		{64B47EED-3674-47F1-80FE-969339A8D34C}.Release|x64.ActiveCfg = Release|Any CPU
		{64B47EED-3674-47F1-80FE-969339A8D34C}.Release|x64.Build.0 = Release|Any CPU
		{64B47EED-3674-47F1-80FE-969339A8D34C}.Release|x86.ActiveCfg = Release|Any CPU
		{64B47EED-3674-47F1-80FE-969339A8D34C}.Release|x86.Build.0 = Release|Any CPU
		{5B8B927E-0ACE-4AA1-9D0D-D1E7AB0A3AB3}.Debug|Any CPU.ActiveCfg = Debug|Any CPU
		{5B8B927E-0ACE-4AA1-9D0D-D1E7AB0A3AB3}.Debug|Any CPU.Build.0 = Debug|Any CPU
		{5B8B927E-0ACE-4AA1-9D0D-D1E7AB0A3AB3}.Debug|x64.ActiveCfg = Debug|Any CPU
		{5B8B927E-0ACE-4AA1-9D0D-D1E7AB0A3AB3}.Debug|x64.Build.0 = Debug|Any CPU
		{5B8B927E-0ACE-4AA1-9D0D-D1E7AB0A3AB3}.Debug|x86.ActiveCfg = Debug|Any CPU
		{5B8B927E-0ACE-4AA1-9D0D-D1E7AB0A3AB3}.Debug|x86.Build.0 = Debug|Any CPU
		{5B8B927E-0ACE-4AA1-9D0D-D1E7AB0A3AB3}.Release|Any CPU.ActiveCfg = Release|Any CPU
		{5B8B927E-0ACE-4AA1-9D0D-D1E7AB0A3AB3}.Release|Any CPU.Build.0 = Release|Any CPU
		{5B8B927E-0ACE-4AA1-9D0D-D1E7AB0A3AB3}.Release|x64.ActiveCfg = Release|Any CPU
		{5B8B927E-0ACE-4AA1-9D0D-D1E7AB0A3AB3}.Release|x64.Build.0 = Release|Any CPU
		{5B8B927E-0ACE-4AA1-9D0D-D1E7AB0A3AB3}.Release|x86.ActiveCfg = Release|Any CPU
		{5B8B927E-0ACE-4AA1-9D0D-D1E7AB0A3AB3}.Release|x86.Build.0 = Release|Any CPU
		{9F15199F-A333-4096-AD31-00C1D41D56B3}.Debug|Any CPU.ActiveCfg = Debug|Any CPU
		{9F15199F-A333-4096-AD31-00C1D41D56B3}.Debug|Any CPU.Build.0 = Debug|Any CPU
		{9F15199F-A333-4096-AD31-00C1D41D56B3}.Debug|x64.ActiveCfg = Debug|Any CPU
		{9F15199F-A333-4096-AD31-00C1D41D56B3}.Debug|x64.Build.0 = Debug|Any CPU
		{9F15199F-A333-4096-AD31-00C1D41D56B3}.Debug|x86.ActiveCfg = Debug|Any CPU
		{9F15199F-A333-4096-AD31-00C1D41D56B3}.Debug|x86.Build.0 = Debug|Any CPU
		{9F15199F-A333-4096-AD31-00C1D41D56B3}.Release|Any CPU.ActiveCfg = Release|Any CPU
		{9F15199F-A333-4096-AD31-00C1D41D56B3}.Release|Any CPU.Build.0 = Release|Any CPU
		{9F15199F-A333-4096-AD31-00C1D41D56B3}.Release|x64.ActiveCfg = Release|Any CPU
		{9F15199F-A333-4096-AD31-00C1D41D56B3}.Release|x64.Build.0 = Release|Any CPU
		{9F15199F-A333-4096-AD31-00C1D41D56B3}.Release|x86.ActiveCfg = Release|Any CPU
		{9F15199F-A333-4096-AD31-00C1D41D56B3}.Release|x86.Build.0 = Release|Any CPU
		{CED664BB-8DAA-44DE-8DB7-977DC0BA84D7}.Debug|Any CPU.ActiveCfg = Debug|Any CPU
		{CED664BB-8DAA-44DE-8DB7-977DC0BA84D7}.Debug|Any CPU.Build.0 = Debug|Any CPU
		{CED664BB-8DAA-44DE-8DB7-977DC0BA84D7}.Debug|x64.ActiveCfg = Debug|Any CPU
		{CED664BB-8DAA-44DE-8DB7-977DC0BA84D7}.Debug|x64.Build.0 = Debug|Any CPU
		{CED664BB-8DAA-44DE-8DB7-977DC0BA84D7}.Debug|x86.ActiveCfg = Debug|Any CPU
		{CED664BB-8DAA-44DE-8DB7-977DC0BA84D7}.Debug|x86.Build.0 = Debug|Any CPU
		{CED664BB-8DAA-44DE-8DB7-977DC0BA84D7}.Release|Any CPU.ActiveCfg = Release|Any CPU
		{CED664BB-8DAA-44DE-8DB7-977DC0BA84D7}.Release|Any CPU.Build.0 = Release|Any CPU
		{CED664BB-8DAA-44DE-8DB7-977DC0BA84D7}.Release|x64.ActiveCfg = Release|Any CPU
		{CED664BB-8DAA-44DE-8DB7-977DC0BA84D7}.Release|x64.Build.0 = Release|Any CPU
		{CED664BB-8DAA-44DE-8DB7-977DC0BA84D7}.Release|x86.ActiveCfg = Release|Any CPU
		{CED664BB-8DAA-44DE-8DB7-977DC0BA84D7}.Release|x86.Build.0 = Release|Any CPU
		{A3D93824-3C6B-4A32-9615-6035B7D343F3}.Debug|Any CPU.ActiveCfg = Debug|Any CPU
		{A3D93824-3C6B-4A32-9615-6035B7D343F3}.Debug|Any CPU.Build.0 = Debug|Any CPU
		{A3D93824-3C6B-4A32-9615-6035B7D343F3}.Debug|x64.ActiveCfg = Debug|Any CPU
		{A3D93824-3C6B-4A32-9615-6035B7D343F3}.Debug|x64.Build.0 = Debug|Any CPU
		{A3D93824-3C6B-4A32-9615-6035B7D343F3}.Debug|x86.ActiveCfg = Debug|Any CPU
		{A3D93824-3C6B-4A32-9615-6035B7D343F3}.Debug|x86.Build.0 = Debug|Any CPU
		{A3D93824-3C6B-4A32-9615-6035B7D343F3}.Release|Any CPU.ActiveCfg = Release|Any CPU
		{A3D93824-3C6B-4A32-9615-6035B7D343F3}.Release|Any CPU.Build.0 = Release|Any CPU
		{A3D93824-3C6B-4A32-9615-6035B7D343F3}.Release|x64.ActiveCfg = Release|Any CPU
		{A3D93824-3C6B-4A32-9615-6035B7D343F3}.Release|x64.Build.0 = Release|Any CPU
		{A3D93824-3C6B-4A32-9615-6035B7D343F3}.Release|x86.ActiveCfg = Release|Any CPU
		{A3D93824-3C6B-4A32-9615-6035B7D343F3}.Release|x86.Build.0 = Release|Any CPU
		{E70D4DBD-7320-4CC4-AF45-A19BCBAE97D4}.Debug|Any CPU.ActiveCfg = Debug|Any CPU
		{E70D4DBD-7320-4CC4-AF45-A19BCBAE97D4}.Debug|Any CPU.Build.0 = Debug|Any CPU
		{E70D4DBD-7320-4CC4-AF45-A19BCBAE97D4}.Debug|x64.ActiveCfg = Debug|Any CPU
		{E70D4DBD-7320-4CC4-AF45-A19BCBAE97D4}.Debug|x64.Build.0 = Debug|Any CPU
		{E70D4DBD-7320-4CC4-AF45-A19BCBAE97D4}.Debug|x86.ActiveCfg = Debug|Any CPU
		{E70D4DBD-7320-4CC4-AF45-A19BCBAE97D4}.Debug|x86.Build.0 = Debug|Any CPU
		{E70D4DBD-7320-4CC4-AF45-A19BCBAE97D4}.Release|Any CPU.ActiveCfg = Release|Any CPU
		{E70D4DBD-7320-4CC4-AF45-A19BCBAE97D4}.Release|Any CPU.Build.0 = Release|Any CPU
		{E70D4DBD-7320-4CC4-AF45-A19BCBAE97D4}.Release|x64.ActiveCfg = Release|Any CPU
		{E70D4DBD-7320-4CC4-AF45-A19BCBAE97D4}.Release|x64.Build.0 = Release|Any CPU
		{E70D4DBD-7320-4CC4-AF45-A19BCBAE97D4}.Release|x86.ActiveCfg = Release|Any CPU
		{E70D4DBD-7320-4CC4-AF45-A19BCBAE97D4}.Release|x86.Build.0 = Release|Any CPU
		{03DCCDEE-AA8D-4429-9625-9A84D3D82C0B}.Debug|Any CPU.ActiveCfg = Debug|Any CPU
		{03DCCDEE-AA8D-4429-9625-9A84D3D82C0B}.Debug|Any CPU.Build.0 = Debug|Any CPU
		{03DCCDEE-AA8D-4429-9625-9A84D3D82C0B}.Debug|x64.ActiveCfg = Debug|Any CPU
		{03DCCDEE-AA8D-4429-9625-9A84D3D82C0B}.Debug|x64.Build.0 = Debug|Any CPU
		{03DCCDEE-AA8D-4429-9625-9A84D3D82C0B}.Debug|x86.ActiveCfg = Debug|Any CPU
		{03DCCDEE-AA8D-4429-9625-9A84D3D82C0B}.Debug|x86.Build.0 = Debug|Any CPU
		{03DCCDEE-AA8D-4429-9625-9A84D3D82C0B}.Release|Any CPU.ActiveCfg = Release|Any CPU
		{03DCCDEE-AA8D-4429-9625-9A84D3D82C0B}.Release|Any CPU.Build.0 = Release|Any CPU
		{03DCCDEE-AA8D-4429-9625-9A84D3D82C0B}.Release|x64.ActiveCfg = Release|Any CPU
		{03DCCDEE-AA8D-4429-9625-9A84D3D82C0B}.Release|x64.Build.0 = Release|Any CPU
		{03DCCDEE-AA8D-4429-9625-9A84D3D82C0B}.Release|x86.ActiveCfg = Release|Any CPU
		{03DCCDEE-AA8D-4429-9625-9A84D3D82C0B}.Release|x86.Build.0 = Release|Any CPU
		{2D907EB3-679D-4DCC-B92E-C6F8909157B5}.Debug|Any CPU.ActiveCfg = Debug|Any CPU
		{2D907EB3-679D-4DCC-B92E-C6F8909157B5}.Debug|Any CPU.Build.0 = Debug|Any CPU
		{2D907EB3-679D-4DCC-B92E-C6F8909157B5}.Debug|x64.ActiveCfg = Debug|Any CPU
		{2D907EB3-679D-4DCC-B92E-C6F8909157B5}.Debug|x64.Build.0 = Debug|Any CPU
		{2D907EB3-679D-4DCC-B92E-C6F8909157B5}.Debug|x86.ActiveCfg = Debug|Any CPU
		{2D907EB3-679D-4DCC-B92E-C6F8909157B5}.Debug|x86.Build.0 = Debug|Any CPU
		{2D907EB3-679D-4DCC-B92E-C6F8909157B5}.Release|Any CPU.ActiveCfg = Release|Any CPU
		{2D907EB3-679D-4DCC-B92E-C6F8909157B5}.Release|Any CPU.Build.0 = Release|Any CPU
		{2D907EB3-679D-4DCC-B92E-C6F8909157B5}.Release|x64.ActiveCfg = Release|Any CPU
		{2D907EB3-679D-4DCC-B92E-C6F8909157B5}.Release|x64.Build.0 = Release|Any CPU
		{2D907EB3-679D-4DCC-B92E-C6F8909157B5}.Release|x86.ActiveCfg = Release|Any CPU
		{2D907EB3-679D-4DCC-B92E-C6F8909157B5}.Release|x86.Build.0 = Release|Any CPU
		{0673086C-9BD1-4F6C-A889-335CFC743A0E}.Debug|Any CPU.ActiveCfg = Debug|Any CPU
		{0673086C-9BD1-4F6C-A889-335CFC743A0E}.Debug|Any CPU.Build.0 = Debug|Any CPU
		{0673086C-9BD1-4F6C-A889-335CFC743A0E}.Debug|x64.ActiveCfg = Debug|Any CPU
		{0673086C-9BD1-4F6C-A889-335CFC743A0E}.Debug|x64.Build.0 = Debug|Any CPU
		{0673086C-9BD1-4F6C-A889-335CFC743A0E}.Debug|x86.ActiveCfg = Debug|Any CPU
		{0673086C-9BD1-4F6C-A889-335CFC743A0E}.Debug|x86.Build.0 = Debug|Any CPU
		{0673086C-9BD1-4F6C-A889-335CFC743A0E}.Release|Any CPU.ActiveCfg = Release|Any CPU
		{0673086C-9BD1-4F6C-A889-335CFC743A0E}.Release|Any CPU.Build.0 = Release|Any CPU
		{0673086C-9BD1-4F6C-A889-335CFC743A0E}.Release|x64.ActiveCfg = Release|Any CPU
		{0673086C-9BD1-4F6C-A889-335CFC743A0E}.Release|x64.Build.0 = Release|Any CPU
		{0673086C-9BD1-4F6C-A889-335CFC743A0E}.Release|x86.ActiveCfg = Release|Any CPU
		{0673086C-9BD1-4F6C-A889-335CFC743A0E}.Release|x86.Build.0 = Release|Any CPU
		{E3F84E31-6907-4585-A08D-1527D32E0BCA}.Debug|Any CPU.ActiveCfg = Debug|Any CPU
		{E3F84E31-6907-4585-A08D-1527D32E0BCA}.Debug|Any CPU.Build.0 = Debug|Any CPU
		{E3F84E31-6907-4585-A08D-1527D32E0BCA}.Debug|x64.ActiveCfg = Debug|Any CPU
		{E3F84E31-6907-4585-A08D-1527D32E0BCA}.Debug|x64.Build.0 = Debug|Any CPU
		{E3F84E31-6907-4585-A08D-1527D32E0BCA}.Debug|x86.ActiveCfg = Debug|Any CPU
		{E3F84E31-6907-4585-A08D-1527D32E0BCA}.Debug|x86.Build.0 = Debug|Any CPU
		{E3F84E31-6907-4585-A08D-1527D32E0BCA}.Release|Any CPU.ActiveCfg = Release|Any CPU
		{E3F84E31-6907-4585-A08D-1527D32E0BCA}.Release|Any CPU.Build.0 = Release|Any CPU
		{E3F84E31-6907-4585-A08D-1527D32E0BCA}.Release|x64.ActiveCfg = Release|Any CPU
		{E3F84E31-6907-4585-A08D-1527D32E0BCA}.Release|x64.Build.0 = Release|Any CPU
		{E3F84E31-6907-4585-A08D-1527D32E0BCA}.Release|x86.ActiveCfg = Release|Any CPU
		{E3F84E31-6907-4585-A08D-1527D32E0BCA}.Release|x86.Build.0 = Release|Any CPU
	EndGlobalSection
	GlobalSection(SolutionProperties) = preSolution
		HideSolutionNode = FALSE
	EndGlobalSection
	GlobalSection(NestedProjects) = preSolution
		{DDC0B05A-0D22-4883-81C5-CF70A8BF3AF1} = {A8A6170C-6952-4985-8317-D765DB05FE47}
		{CC0BC4D1-0BFA-469F-87A7-677C6BC3E8DC} = {8F059608-19DA-4E57-8792-C272CA5D3EA6}
		{3325B906-CC21-4AC9-A8E6-F18BE994B9F4} = {8F059608-19DA-4E57-8792-C272CA5D3EA6}
		{E2E807B1-E623-424C-9622-A254B4190AC3} = {8F059608-19DA-4E57-8792-C272CA5D3EA6}
		{563009F9-789E-47D1-B8AB-AA10F1E1EB2A} = {413F19C3-2429-410A-A6D7-E75C7D1CE271}
		{DCDCBB30-D2F2-4F98-B827-E034774EE102} = {8F059608-19DA-4E57-8792-C272CA5D3EA6}
		{A8B29259-0602-42CA-8D8B-2FC2C93F0697} = {8F059608-19DA-4E57-8792-C272CA5D3EA6}
		{ED8C8373-25FC-4AC1-BDF3-35FB9C8E03B4} = {8F059608-19DA-4E57-8792-C272CA5D3EA6}
		{3F9CEFB0-9CB2-4DF9-940C-34D21CB5C91D} = {3099940C-7759-4A62-8A49-9338C6ED799E}
		{FDEDA2F7-611B-4E77-9D84-1BB8802E27B5} = {14CD0D1C-E05A-440D-8146-EBFA69A6ACD0}
		{A1191A59-437E-460F-9F75-B6E302FF20D4} = {14CD0D1C-E05A-440D-8146-EBFA69A6ACD0}
		{0A454435-5658-473F-B3D6-1E7C971578AD} = {8F059608-19DA-4E57-8792-C272CA5D3EA6}
		{E2035872-C49E-494B-B331-0895B696E780} = {8F059608-19DA-4E57-8792-C272CA5D3EA6}
		{776ABB02-B14F-48C6-B78E-11B66C020F1E} = {8F059608-19DA-4E57-8792-C272CA5D3EA6}
		{3EA59187-EBAB-46D5-9C28-D7CA7008C7B3} = {8F059608-19DA-4E57-8792-C272CA5D3EA6}
		{E231954E-F851-4C2C-A00F-A668D4C50182} = {8F059608-19DA-4E57-8792-C272CA5D3EA6}
		{CCEC06C6-8052-4D80-9B5A-E77518BA60A6} = {8F059608-19DA-4E57-8792-C272CA5D3EA6}
		{0D4512DB-52FF-4477-808E-D857EFB3D219} = {8F059608-19DA-4E57-8792-C272CA5D3EA6}
		{D67F9324-6710-4144-8BA0-B446CD4CB28A} = {52A8E34F-1D7B-495E-A03B-6C909E574F26}
		{3099940C-7759-4A62-8A49-9338C6ED799E} = {413F19C3-2429-410A-A6D7-E75C7D1CE271}
		{52A8E34F-1D7B-495E-A03B-6C909E574F26} = {413F19C3-2429-410A-A6D7-E75C7D1CE271}
		{14CD0D1C-E05A-440D-8146-EBFA69A6ACD0} = {413F19C3-2429-410A-A6D7-E75C7D1CE271}
		{8F059608-19DA-4E57-8792-C272CA5D3EA6} = {413F19C3-2429-410A-A6D7-E75C7D1CE271}
		{B6D04A38-C980-4CEF-93F7-A8FB80F4EEAB} = {952F4E3A-A0F6-4BBC-9C76-B50EDF490743}
		{F9B19605-4A41-4ECD-961F-7A7DA5A201D6} = {8F059608-19DA-4E57-8792-C272CA5D3EA6}
		{040B16E4-BEC3-4429-920D-C0D206B1D6D9} = {F99C02DD-E20B-4564-85FE-C6DB5BCF57A6}
		{906B056F-5C3C-4673-B31A-8B02EBBF6680} = {A8A6170C-6952-4985-8317-D765DB05FE47}
		{CB1DB5BC-9DD8-4050-919E-720B35DF882B} = {A8A6170C-6952-4985-8317-D765DB05FE47}
		{64B47EED-3674-47F1-80FE-969339A8D34C} = {A8A6170C-6952-4985-8317-D765DB05FE47}
		{5B8B927E-0ACE-4AA1-9D0D-D1E7AB0A3AB3} = {8F059608-19DA-4E57-8792-C272CA5D3EA6}
		{9F15199F-A333-4096-AD31-00C1D41D56B3} = {E9023139-22F8-4C5D-AC58-37EFC1685961}
		{A3D93824-3C6B-4A32-9615-6035B7D343F3} = {A8A6170C-6952-4985-8317-D765DB05FE47}
		{E70D4DBD-7320-4CC4-AF45-A19BCBAE97D4} = {8F059608-19DA-4E57-8792-C272CA5D3EA6}
		{03DCCDEE-AA8D-4429-9625-9A84D3D82C0B} = {8F059608-19DA-4E57-8792-C272CA5D3EA6}
		{2D907EB3-679D-4DCC-B92E-C6F8909157B5} = {8F059608-19DA-4E57-8792-C272CA5D3EA6}
		{0673086C-9BD1-4F6C-A889-335CFC743A0E} = {952F4E3A-A0F6-4BBC-9C76-B50EDF490743}
		{04934FD3-99BD-42D3-B9B2-04BF3CC43B57} = {413F19C3-2429-410A-A6D7-E75C7D1CE271}
		{E3F84E31-6907-4585-A08D-1527D32E0BCA} = {04934FD3-99BD-42D3-B9B2-04BF3CC43B57}
	EndGlobalSection
	GlobalSection(ExtensibilityGlobals) = postSolution
		SolutionGuid = {8F61C6A5-176D-49B1-99D0-6BDBD8E0168A}
	EndGlobalSection
EndGlobal
