
Microsoft Visual Studio Solution File, Format Version 12.00
# Visual Studio 15
VisualStudioVersion = 15.0.27703.2042
MinimumVisualStudioVersion = 10.0.40219.1
Project("{9A19103F-16F7-4668-BE54-9A1E7A4F7556}") = "SoluiNet.DevTools.UI", "SoluiNet.DevTools.UI\SoluiNet.DevTools.UI.csproj", "{F82C2F56-DCE9-4E4C-856C-1F94291186F4}"
EndProject
Project("{9A19103F-16F7-4668-BE54-9A1E7A4F7556}") = "SoluiNet.DevTools.Core", "SoluiNet.DevTools.Core\SoluiNet.DevTools.Core.csproj", "{DDC0B05A-0D22-4883-81C5-CF70A8BF3AF1}"
EndProject
Project("{9A19103F-16F7-4668-BE54-9A1E7A4F7556}") = "SoluiNet.DevTools.Utils.Crypto", "SoluiNet.DevTools.Utils.Crypto\SoluiNet.DevTools.Utils.Crypto.csproj", "{CC0BC4D1-0BFA-469F-87A7-677C6BC3E8DC}"
EndProject
Project("{9A19103F-16F7-4668-BE54-9A1E7A4F7556}") = "SoluiNet.DevTools.Utils.XmlTransformation", "SoluiNet.DevTools.Utils.XmlTransformation\SoluiNet.DevTools.Utils.XmlTransformation.csproj", "{3325B906-CC21-4AC9-A8E6-F18BE994B9F4}"
EndProject
Project("{9A19103F-16F7-4668-BE54-9A1E7A4F7556}") = "SoluiNet.DevTools.Utils.General", "SoluiNet.DevTools.Utils.General\SoluiNet.DevTools.Utils.General.csproj", "{E2E807B1-E623-424C-9622-A254B4190AC3}"
EndProject
Project("{9A19103F-16F7-4668-BE54-9A1E7A4F7556}") = "SoluiNet.DevTools.SqlPlugin.Example", "SoluiNet.DevTools.SqlPlugin.Example\SoluiNet.DevTools.SqlPlugin.Example.csproj", "{563009F9-789E-47D1-B8AB-AA10F1E1EB2A}"
EndProject
Project("{9A19103F-16F7-4668-BE54-9A1E7A4F7556}") = "SoluiNet.DevTools.Utils.VsDevEnv", "SoluiNet.DevTools.Utils.VsDevEnv\SoluiNet.DevTools.Utils.VsDevEnv.csproj", "{DCDCBB30-D2F2-4F98-B827-E034774EE102}"
EndProject
Project("{9A19103F-16F7-4668-BE54-9A1E7A4F7556}") = "SoluiNet.DevTools.Utils.File", "SoluiNet.DevTools.Utils.File\SoluiNet.DevTools.Utils.File.csproj", "{A8B29259-0602-42CA-8D8B-2FC2C93F0697}"
EndProject
Project("{9A19103F-16F7-4668-BE54-9A1E7A4F7556}") = "SoluiNet.DevTools.Utils.WebClient", "SoluiNet.DevTools.Utils.WebClient\SoluiNet.DevTools.Utils.WebClient.csproj", "{ED8C8373-25FC-4AC1-BDF3-35FB9C8E03B4}"
EndProject
Project("{9A19103F-16F7-4668-BE54-9A1E7A4F7556}") = "SoluiNet.DevTools.Editor.Default", "SoluiNet.DevTools.Editor.Default\SoluiNet.DevTools.Editor.Default.csproj", "{3F9CEFB0-9CB2-4DF9-940C-34D21CB5C91D}"
EndProject
Project("{9A19103F-16F7-4668-BE54-9A1E7A4F7556}") = "SoluiNet.DevTools.Transform.Uml", "SoluiNet.DevTools.Transform.Uml\SoluiNet.DevTools.Transform.Uml.csproj", "{FDEDA2F7-611B-4E77-9D84-1BB8802E27B5}"
EndProject
Project("{9A19103F-16F7-4668-BE54-9A1E7A4F7556}") = "SoluiNet.DevTools.Transform.ErDiagram", "SoluiNet.DevTools.Transform.ErDiagram\SoluiNet.DevTools.Transform.ErDiagram.csproj", "{A1191A59-437E-460F-9F75-B6E302FF20D4}"
EndProject
Project("{9A19103F-16F7-4668-BE54-9A1E7A4F7556}") = "SoluiNet.DevTools.Utils.Flyway", "SoluiNet.DevTools.Utils.Flyway\SoluiNet.DevTools.Utils.Flyway.csproj", "{0A454435-5658-473F-B3D6-1E7C971578AD}"
EndProject
Project("{9A19103F-16F7-4668-BE54-9A1E7A4F7556}") = "SoluiNet.DevTools.Utils.MachineLearning", "SoluiNet.DevTools.Utils.MachineLearning\SoluiNet.DevTools.Utils.MachineLearning.csproj", "{E2035872-C49E-494B-B331-0895B696E780}"
EndProject
Global
	GlobalSection(SolutionConfigurationPlatforms) = preSolution
		Debug|Any CPU = Debug|Any CPU
		Debug|x64 = Debug|x64
		Release|Any CPU = Release|Any CPU
		Release|x64 = Release|x64
	EndGlobalSection
	GlobalSection(ProjectConfigurationPlatforms) = postSolution
		{F82C2F56-DCE9-4E4C-856C-1F94291186F4}.Debug|Any CPU.ActiveCfg = Debug|Any CPU
		{F82C2F56-DCE9-4E4C-856C-1F94291186F4}.Debug|Any CPU.Build.0 = Debug|Any CPU
		{F82C2F56-DCE9-4E4C-856C-1F94291186F4}.Debug|x64.ActiveCfg = Debug|x64
		{F82C2F56-DCE9-4E4C-856C-1F94291186F4}.Debug|x64.Build.0 = Debug|x64
		{F82C2F56-DCE9-4E4C-856C-1F94291186F4}.Release|Any CPU.ActiveCfg = Release|Any CPU
		{F82C2F56-DCE9-4E4C-856C-1F94291186F4}.Release|Any CPU.Build.0 = Release|Any CPU
		{F82C2F56-DCE9-4E4C-856C-1F94291186F4}.Release|x64.ActiveCfg = Release|x64
		{F82C2F56-DCE9-4E4C-856C-1F94291186F4}.Release|x64.Build.0 = Release|x64
		{DDC0B05A-0D22-4883-81C5-CF70A8BF3AF1}.Debug|Any CPU.ActiveCfg = Debug|Any CPU
		{DDC0B05A-0D22-4883-81C5-CF70A8BF3AF1}.Debug|Any CPU.Build.0 = Debug|Any CPU
		{DDC0B05A-0D22-4883-81C5-CF70A8BF3AF1}.Debug|x64.ActiveCfg = Debug|x64
		{DDC0B05A-0D22-4883-81C5-CF70A8BF3AF1}.Debug|x64.Build.0 = Debug|x64
		{DDC0B05A-0D22-4883-81C5-CF70A8BF3AF1}.Release|Any CPU.ActiveCfg = Release|Any CPU
		{DDC0B05A-0D22-4883-81C5-CF70A8BF3AF1}.Release|Any CPU.Build.0 = Release|Any CPU
		{DDC0B05A-0D22-4883-81C5-CF70A8BF3AF1}.Release|x64.ActiveCfg = Release|x64
		{DDC0B05A-0D22-4883-81C5-CF70A8BF3AF1}.Release|x64.Build.0 = Release|x64
		{CC0BC4D1-0BFA-469F-87A7-677C6BC3E8DC}.Debug|Any CPU.ActiveCfg = Debug|Any CPU
		{CC0BC4D1-0BFA-469F-87A7-677C6BC3E8DC}.Debug|Any CPU.Build.0 = Debug|Any CPU
		{CC0BC4D1-0BFA-469F-87A7-677C6BC3E8DC}.Debug|x64.ActiveCfg = Debug|x64
		{CC0BC4D1-0BFA-469F-87A7-677C6BC3E8DC}.Debug|x64.Build.0 = Debug|x64
		{CC0BC4D1-0BFA-469F-87A7-677C6BC3E8DC}.Release|Any CPU.ActiveCfg = Release|Any CPU
		{CC0BC4D1-0BFA-469F-87A7-677C6BC3E8DC}.Release|Any CPU.Build.0 = Release|Any CPU
		{CC0BC4D1-0BFA-469F-87A7-677C6BC3E8DC}.Release|x64.ActiveCfg = Release|x64
		{CC0BC4D1-0BFA-469F-87A7-677C6BC3E8DC}.Release|x64.Build.0 = Release|x64
		{3325B906-CC21-4AC9-A8E6-F18BE994B9F4}.Debug|Any CPU.ActiveCfg = Debug|Any CPU
		{3325B906-CC21-4AC9-A8E6-F18BE994B9F4}.Debug|Any CPU.Build.0 = Debug|Any CPU
		{3325B906-CC21-4AC9-A8E6-F18BE994B9F4}.Debug|x64.ActiveCfg = Debug|x64
		{3325B906-CC21-4AC9-A8E6-F18BE994B9F4}.Debug|x64.Build.0 = Debug|x64
		{3325B906-CC21-4AC9-A8E6-F18BE994B9F4}.Release|Any CPU.ActiveCfg = Release|Any CPU
		{3325B906-CC21-4AC9-A8E6-F18BE994B9F4}.Release|Any CPU.Build.0 = Release|Any CPU
		{3325B906-CC21-4AC9-A8E6-F18BE994B9F4}.Release|x64.ActiveCfg = Release|x64
		{3325B906-CC21-4AC9-A8E6-F18BE994B9F4}.Release|x64.Build.0 = Release|x64
		{E2E807B1-E623-424C-9622-A254B4190AC3}.Debug|Any CPU.ActiveCfg = Debug|Any CPU
		{E2E807B1-E623-424C-9622-A254B4190AC3}.Debug|Any CPU.Build.0 = Debug|Any CPU
		{E2E807B1-E623-424C-9622-A254B4190AC3}.Debug|x64.ActiveCfg = Debug|x64
		{E2E807B1-E623-424C-9622-A254B4190AC3}.Debug|x64.Build.0 = Debug|x64
		{E2E807B1-E623-424C-9622-A254B4190AC3}.Release|Any CPU.ActiveCfg = Release|Any CPU
		{E2E807B1-E623-424C-9622-A254B4190AC3}.Release|Any CPU.Build.0 = Release|Any CPU
		{E2E807B1-E623-424C-9622-A254B4190AC3}.Release|x64.ActiveCfg = Release|x64
		{E2E807B1-E623-424C-9622-A254B4190AC3}.Release|x64.Build.0 = Release|x64
		{563009F9-789E-47D1-B8AB-AA10F1E1EB2A}.Debug|Any CPU.ActiveCfg = Debug|Any CPU
		{563009F9-789E-47D1-B8AB-AA10F1E1EB2A}.Debug|Any CPU.Build.0 = Debug|Any CPU
		{563009F9-789E-47D1-B8AB-AA10F1E1EB2A}.Debug|x64.ActiveCfg = Debug|x64
		{563009F9-789E-47D1-B8AB-AA10F1E1EB2A}.Debug|x64.Build.0 = Debug|x64
		{563009F9-789E-47D1-B8AB-AA10F1E1EB2A}.Release|Any CPU.ActiveCfg = Release|Any CPU
		{563009F9-789E-47D1-B8AB-AA10F1E1EB2A}.Release|Any CPU.Build.0 = Release|Any CPU
		{563009F9-789E-47D1-B8AB-AA10F1E1EB2A}.Release|x64.ActiveCfg = Release|x64
		{563009F9-789E-47D1-B8AB-AA10F1E1EB2A}.Release|x64.Build.0 = Release|x64
		{DCDCBB30-D2F2-4F98-B827-E034774EE102}.Debug|Any CPU.ActiveCfg = Debug|Any CPU
		{DCDCBB30-D2F2-4F98-B827-E034774EE102}.Debug|Any CPU.Build.0 = Debug|Any CPU
		{DCDCBB30-D2F2-4F98-B827-E034774EE102}.Debug|x64.ActiveCfg = Debug|x64
		{DCDCBB30-D2F2-4F98-B827-E034774EE102}.Debug|x64.Build.0 = Debug|x64
		{DCDCBB30-D2F2-4F98-B827-E034774EE102}.Release|Any CPU.ActiveCfg = Release|Any CPU
		{DCDCBB30-D2F2-4F98-B827-E034774EE102}.Release|Any CPU.Build.0 = Release|Any CPU
		{DCDCBB30-D2F2-4F98-B827-E034774EE102}.Release|x64.ActiveCfg = Release|x64
		{DCDCBB30-D2F2-4F98-B827-E034774EE102}.Release|x64.Build.0 = Release|x64
		{A8B29259-0602-42CA-8D8B-2FC2C93F0697}.Debug|Any CPU.ActiveCfg = Debug|Any CPU
		{A8B29259-0602-42CA-8D8B-2FC2C93F0697}.Debug|Any CPU.Build.0 = Debug|Any CPU
		{A8B29259-0602-42CA-8D8B-2FC2C93F0697}.Debug|x64.ActiveCfg = Debug|x64
		{A8B29259-0602-42CA-8D8B-2FC2C93F0697}.Debug|x64.Build.0 = Debug|x64
		{A8B29259-0602-42CA-8D8B-2FC2C93F0697}.Release|Any CPU.ActiveCfg = Release|Any CPU
		{A8B29259-0602-42CA-8D8B-2FC2C93F0697}.Release|Any CPU.Build.0 = Release|Any CPU
		{A8B29259-0602-42CA-8D8B-2FC2C93F0697}.Release|x64.ActiveCfg = Release|x64
		{A8B29259-0602-42CA-8D8B-2FC2C93F0697}.Release|x64.Build.0 = Release|x64
		{ED8C8373-25FC-4AC1-BDF3-35FB9C8E03B4}.Debug|Any CPU.ActiveCfg = Debug|Any CPU
		{ED8C8373-25FC-4AC1-BDF3-35FB9C8E03B4}.Debug|Any CPU.Build.0 = Debug|Any CPU
		{ED8C8373-25FC-4AC1-BDF3-35FB9C8E03B4}.Debug|x64.ActiveCfg = Debug|x64
		{ED8C8373-25FC-4AC1-BDF3-35FB9C8E03B4}.Debug|x64.Build.0 = Debug|x64
		{ED8C8373-25FC-4AC1-BDF3-35FB9C8E03B4}.Release|Any CPU.ActiveCfg = Release|Any CPU
		{ED8C8373-25FC-4AC1-BDF3-35FB9C8E03B4}.Release|Any CPU.Build.0 = Release|Any CPU
		{ED8C8373-25FC-4AC1-BDF3-35FB9C8E03B4}.Release|x64.ActiveCfg = Release|x64
		{ED8C8373-25FC-4AC1-BDF3-35FB9C8E03B4}.Release|x64.Build.0 = Release|x64
		{3F9CEFB0-9CB2-4DF9-940C-34D21CB5C91D}.Debug|Any CPU.ActiveCfg = Debug|Any CPU
		{3F9CEFB0-9CB2-4DF9-940C-34D21CB5C91D}.Debug|Any CPU.Build.0 = Debug|Any CPU
		{3F9CEFB0-9CB2-4DF9-940C-34D21CB5C91D}.Debug|x64.ActiveCfg = Debug|x64
		{3F9CEFB0-9CB2-4DF9-940C-34D21CB5C91D}.Debug|x64.Build.0 = Debug|x64
		{3F9CEFB0-9CB2-4DF9-940C-34D21CB5C91D}.Release|Any CPU.ActiveCfg = Release|Any CPU
		{3F9CEFB0-9CB2-4DF9-940C-34D21CB5C91D}.Release|Any CPU.Build.0 = Release|Any CPU
		{3F9CEFB0-9CB2-4DF9-940C-34D21CB5C91D}.Release|x64.ActiveCfg = Release|x64
		{3F9CEFB0-9CB2-4DF9-940C-34D21CB5C91D}.Release|x64.Build.0 = Release|x64
		{FDEDA2F7-611B-4E77-9D84-1BB8802E27B5}.Debug|Any CPU.ActiveCfg = Debug|Any CPU
		{FDEDA2F7-611B-4E77-9D84-1BB8802E27B5}.Debug|Any CPU.Build.0 = Debug|Any CPU
		{FDEDA2F7-611B-4E77-9D84-1BB8802E27B5}.Debug|x64.ActiveCfg = Debug|x64
		{FDEDA2F7-611B-4E77-9D84-1BB8802E27B5}.Debug|x64.Build.0 = Debug|x64
		{FDEDA2F7-611B-4E77-9D84-1BB8802E27B5}.Release|Any CPU.ActiveCfg = Release|Any CPU
		{FDEDA2F7-611B-4E77-9D84-1BB8802E27B5}.Release|Any CPU.Build.0 = Release|Any CPU
		{FDEDA2F7-611B-4E77-9D84-1BB8802E27B5}.Release|x64.ActiveCfg = Release|x64
		{FDEDA2F7-611B-4E77-9D84-1BB8802E27B5}.Release|x64.Build.0 = Release|x64
		{A1191A59-437E-460F-9F75-B6E302FF20D4}.Debug|Any CPU.ActiveCfg = Debug|Any CPU
		{A1191A59-437E-460F-9F75-B6E302FF20D4}.Debug|Any CPU.Build.0 = Debug|Any CPU
		{A1191A59-437E-460F-9F75-B6E302FF20D4}.Debug|x64.ActiveCfg = Debug|x64
		{A1191A59-437E-460F-9F75-B6E302FF20D4}.Debug|x64.Build.0 = Debug|x64
		{A1191A59-437E-460F-9F75-B6E302FF20D4}.Release|Any CPU.ActiveCfg = Release|Any CPU
		{A1191A59-437E-460F-9F75-B6E302FF20D4}.Release|Any CPU.Build.0 = Release|Any CPU
		{A1191A59-437E-460F-9F75-B6E302FF20D4}.Release|x64.ActiveCfg = Release|x64
		{A1191A59-437E-460F-9F75-B6E302FF20D4}.Release|x64.Build.0 = Release|x64
		{0A454435-5658-473F-B3D6-1E7C971578AD}.Debug|Any CPU.ActiveCfg = Debug|Any CPU
		{0A454435-5658-473F-B3D6-1E7C971578AD}.Debug|Any CPU.Build.0 = Debug|Any CPU
		{0A454435-5658-473F-B3D6-1E7C971578AD}.Debug|x64.ActiveCfg = Debug|x64
		{0A454435-5658-473F-B3D6-1E7C971578AD}.Debug|x64.Build.0 = Debug|x64
		{0A454435-5658-473F-B3D6-1E7C971578AD}.Release|Any CPU.ActiveCfg = Release|Any CPU
		{0A454435-5658-473F-B3D6-1E7C971578AD}.Release|Any CPU.Build.0 = Release|Any CPU
		{0A454435-5658-473F-B3D6-1E7C971578AD}.Release|x64.ActiveCfg = Release|x64
		{0A454435-5658-473F-B3D6-1E7C971578AD}.Release|x64.Build.0 = Release|x64
		{E2035872-C49E-494B-B331-0895B696E780}.Debug|Any CPU.ActiveCfg = Debug|Any CPU
		{E2035872-C49E-494B-B331-0895B696E780}.Debug|Any CPU.Build.0 = Debug|Any CPU
		{E2035872-C49E-494B-B331-0895B696E780}.Debug|x64.ActiveCfg = Debug|x64
		{E2035872-C49E-494B-B331-0895B696E780}.Debug|x64.Build.0 = Debug|x64
		{E2035872-C49E-494B-B331-0895B696E780}.Release|Any CPU.ActiveCfg = Release|Any CPU
		{E2035872-C49E-494B-B331-0895B696E780}.Release|Any CPU.Build.0 = Release|Any CPU
		{E2035872-C49E-494B-B331-0895B696E780}.Release|x64.ActiveCfg = Release|x64
		{E2035872-C49E-494B-B331-0895B696E780}.Release|x64.Build.0 = Release|x64
	EndGlobalSection
	GlobalSection(SolutionProperties) = preSolution
		HideSolutionNode = FALSE
	EndGlobalSection
	GlobalSection(ExtensibilityGlobals) = postSolution
		SolutionGuid = {8F61C6A5-176D-49B1-99D0-6BDBD8E0168A}
	EndGlobalSection
EndGlobal
